# This file was autogenerated by uv via the following command:
#    uv pip compile requirements.txt -o requirements.lock
branca==0.8.2
    # via folium
certifi==2026.4.22
    # via
    #   pyogrio
    #   pyproj
    #   requests
charset-normalizer==3.4.7
    # via requests
duckdb==1.5.2
    # via -r requirements.txt
folium==0.20.0
    # via -r requirements.txt
geojson==3.2.0
    # via searoute
geopandas==1.1.3
    # via -r requirements.txt
h3==4.4.2
    # via -r requirements.txt
idna==3.14
    # via requests
jinja2==3.1.6
    # via
    #   branca
    #   folium
joblib==1.5.3
    # via scikit-learn
mapclassify==2.10.0
    # via -r requirements.txt
markupsafe==3.0.3
    # via jinja2
networkx==3.6.1
    # via
    #   mapclassify
    #   searoute
numpy==2.4.4
    # via
    #   folium
    #   geopandas
    #   mapclassify
    #   pandas
    #   pyogrio
    #   scikit-learn
    #   scipy
    #   shapely
packaging==26.2
    # via
    #   geopandas
    #   pyogrio
pandas==3.0.3
    # via
    #   geopandas
    #   mapclassify
pyarrow==24.0.0
    # via -r requirements.txt
pyogrio==0.12.1
    # via geopandas
pyproj==3.7.2
    # via geopandas
python-dateutil==2.9.0.post0
    # via pandas
pyyaml==6.0.3
    # via -r requirements.txt
requests==2.34.0
    # via folium
scikit-learn==1.8.0
    # via mapclassify
scipy==1.17.1
    # via
    #   mapclassify
    #   scikit-learn
searoute==1.5.0
    # via -r requirements.txt
shapely==2.1.2
    # via geopandas
six==1.17.0
    # via python-dateutil
threadpoolctl==3.6.0
    # via scikit-learn
urllib3==2.7.0
    # via requests
xyzservices==2026.3.0
    # via folium
